# THIS IS AN AUTOGENERATED FILE. DO NOT EDIT THIS FILE DIRECTLY.
# yarn lockfile v1


medea-jason@^0.2:
  version "0.2.0"
  resolved "https://registry.yarnpkg.com/medea-jason/-/medea-jason-0.2.0.tgz#7c1bb091d1f0a93a7d9cf72b8e3fd85aef6b1b26"
  integrity sha512-XVp+xYh0E/gyRrSIYjKMzZW6UITCN8yMMSAwq3a0WvCwnI0ZsKAJ9CjoaBPyytilJ8o3BaMqHczsZtA1oxUdag==
