# THIS IS AN AUTOGENERATED FILE. DO NOT EDIT THIS FILE DIRECTLY.
# yarn lockfile v1


jason-alexlapa@0.1.5-dev:
  version "0.1.5-dev"
  resolved "https://registry.yarnpkg.com/jason-alexlapa/-/jason-alexlapa-0.1.5-dev.tgz#e4e17eba86d5175db07b1d45a9a02d856053397b"
  integrity sha512-O4ClyhoBf8oZhnlBoLZRmMOm+iTx8RpwAhrRFj0a5Sl+PQl5y+Gj37HpLN2ltDj7XzW5dB6W8XLq0/azwDr/+w==
