# THIS IS AN AUTOGENERATED FILE. DO NOT EDIT THIS FILE DIRECTLY.
# yarn lockfile v1


medea-jason@0.2.0-rc.1:
  version "0.2.0-rc.1"
  resolved "https://registry.yarnpkg.com/medea-jason/-/medea-jason-0.2.0-rc.1.tgz#cc1171d26a0897b405b4fae81b0c9c0defa6d91e"
  integrity sha512-ucch0Vi3+8THoygEdunC512ur9MndI2EHjvjvB+qaDwEPIM3tKGLu6NN0bSfe3NcVaHXQzbzV81hPJPCnI7Oqg==
