PODS:
  - Flutter (1.0.0)
  - jason (0.0.1):
    - Flutter

DEPENDENCIES:
  - Flutter (from `Flutter`)
  - jason (from `.symlinks/plugins/jason/ios`)

EXTERNAL SOURCES:
  Flutter:
    :path: Flutter
  jason:
    :path: ".symlinks/plugins/jason/ios"

SPEC CHECKSUMS:
  Flutter: 434fef37c0980e73bb6479ef766c45957d4b510c
  jason: 7cacd9e33d5b71af77e6974bdcf0d22eb414aa9a

PODFILE CHECKSUM: aafe91acc616949ddb318b77800a7f51bffa2a4c

COCOAPODS: 1.10.1
